{
  "requires": true,
  "lockfileVersion": 1,
  "dependencies": {
    "bootstrap": {
      "version": "4.0.0",
      "resolved": "https://registry.npmjs.org/bootstrap/-/bootstrap-4.0.0.tgz",
      "integrity": "sha512-gulJE5dGFo6Q61V/whS6VM4WIyrlydXfCgkE+Gxe5hjrJ8rXLLZlALq7zq2RPhOc45PSwQpJkrTnc2KgD6cvmA=="
    },
    "startbootstrap-blog-home": {
      "version": "4.0.0",
      "resolved": "https://registry.npmjs.org/startbootstrap-blog-home/-/startbootstrap-blog-home-4.0.0.tgz",
      "integrity": "sha512-MWve62PCBJwVK8+kzPdAKyLDlpGsl3uJQwjy4OtdzkrZ8Ai/KYb7q0jI4DG6D3g2i9ispnNL4xOx1+LINF4Cyg==",
      "requires": {
        "bootstrap": "4.0.0",
        "jquery": "3.3.1"
      },
      "dependencies": {
        "jquery": {
          "version": "3.3.1",
          "resolved": "https://registry.npmjs.org/jquery/-/jquery-3.3.1.tgz",
          "integrity": "sha512-Ubldcmxp5np52/ENotGxlLe6aGMvmF4R8S6tZjsP6Knsaxd/xp3Zrh50cG93lR6nPXyUFwzN3ZSOQI0wRJNdGg=="
        }
      }
    }
  }
}
